PODS:
  - Alamofire (4.8.2)
  - HandyJSON (5.0.0-beta.1)
  - Kingfisher (5.4.0)
  - Moya (13.0.1):
    - Moya/Core (= 13.0.1)
  - Moya/Core (13.0.1):
    - Alamofire (~> 4.1)
    - Result (~> 4.1)
  - Result (4.1.0)
  - SDCycleScrollView (1.80):
    - SDWebImage (>= 5.0.0)
  - SDWebImage (5.0.2):
    - SDWebImage/Core (= 5.0.2)
  - SDWebImage/Core (5.0.2)
  - SnapKit (5.0.0)
  - SwiftyJSON (5.0.0)

DEPENDENCIES:
  - HandyJSON (~> 5.0.0-beta.1)
  - Kingfisher (~> 5.4.0)
  - Moya
  - SDCycleScrollView (~> 1.80)
  - SnapKit (~> 5.0.0)
  - SwiftyJSON

SPEC REPOS:
  https://github.com/cocoapods/specs.git:
    - Alamofire
    - HandyJSON
    - Kingfisher
    - Moya
    - Result
    - SDCycleScrollView
    - SDWebImage
    - SnapKit
    - SwiftyJSON

SPEC CHECKSUMS:
  Alamofire: ae5c501addb7afdbb13687d7f2f722c78734c2d3
  HandyJSON: 582477127ab3ab65bd2e471815f1a7b846856978
  Kingfisher: 9c8f2cc6710334e06f32ba2b45e77707d5e2f0c9
  Moya: f4a4b80ff2f8a4ffc208dfb31cd91636622fee6e
  Result: bd966fac789cc6c1563440b348ab2598cc24d5c7
  SDCycleScrollView: b3c9a5ed840c771c4938978174c7c9d9feefeb96
  SDWebImage: 6764b5fa0f73c203728052955dbefa2bf1f33282
  SnapKit: fd22d10eb9aff484d79a8724eab922c1ddf89bcf
  SwiftyJSON: 36413e04c44ee145039d332b4f4e2d3e8d6c4db7

PODFILE CHECKSUM: a4d3e5f217bbd57f7abc5b7fa98ed1f452c773c7

COCOAPODS: 1.6.1
